
Microsoft Visual Studio Solution File, Format Version 12.00
# Visual Studio Version 17
VisualStudioVersion = 17.11.35303.130
MinimumVisualStudioVersion = 10.0.40219.1
Project("{9A19103F-16F7-4668-BE54-9A1E7A4F7556}") = "Tyuiu.MyshakinD.Sprint6.Task0.V6.Lib", "Tyuiu.MyshakinD.Sprint6.Task0.V6.Lib\Tyuiu.MyshakinD.Sprint6.Task0.V6.Lib.csproj", "{D83D2462-3B5F-4747-9973-9881590B6B64}"
EndProject
Project("{9A19103F-16F7-4668-BE54-9A1E7A4F7556}") = "Tyuiu.MyshakinD.Sprint6.Task0.V6.Test", "Tyuiu.MyshakinD.Sprint6.Task0.V6.Test\Tyuiu.MyshakinD.Sprint6.Task0.V6.Test.csproj", "{2A32036E-08B3-4A44-B290-8572DC538359}"
EndProject
Project("{2150E333-8FDC-42A3-9474-1A3956D46DE8}") = "Task0", "Task0", "{F9543A55-84E6-4C7A-A5BD-380D76F6E102}"
EndProject
Project("{9A19103F-16F7-4668-BE54-9A1E7A4F7556}") = "Tyuiu.MyshakinD.Sprint6.Task0.V6", "Tyuiu.MyshakinD.Sprint6.Task0.V6\Tyuiu.MyshakinD.Sprint6.Task0.V6.csproj", "{81C05246-28F6-4C2A-955F-B348FF9DF02C}"
EndProject
Project("{2150E333-8FDC-42A3-9474-1A3956D46DE8}") = "Task1", "Task1", "{D8202B98-2D13-4110-B547-C07A7A79371E}"
EndProject
Project("{9A19103F-16F7-4668-BE54-9A1E7A4F7556}") = "Tyuiu.MyshakinD.Sprint6.Task1.V5.Lib", "Tyuiu.MyshakinD.Sprint6.Task1.V5.Lib\Tyuiu.MyshakinD.Sprint6.Task1.V5.Lib.csproj", "{ED9FD362-FB06-4657-BE51-083A013E6B4C}"
EndProject
Project("{9A19103F-16F7-4668-BE54-9A1E7A4F7556}") = "Tyuiu.MyshakinD.Sprint6.Task1.V5.Test", "Tyuiu.MyshakinD.Sprint6.Task1.V5.Test\Tyuiu.MyshakinD.Sprint6.Task1.V5.Test.csproj", "{E3F3D70C-E2ED-482F-9205-5C1AA31B44F9}"
EndProject
Project("{9A19103F-16F7-4668-BE54-9A1E7A4F7556}") = "Tyuiu.MyshakinD.Sprint6.Task1.V5", "Tyuiu.MyshakinD.Sprint6.Task1.V5\Tyuiu.MyshakinD.Sprint6.Task1.V5.csproj", "{6515664C-5A05-427A-8763-AD56FC0A4CB4}"
EndProject
Project("{2150E333-8FDC-42A3-9474-1A3956D46DE8}") = "Task2", "Task2", "{EEE4096F-F951-4495-BE31-45D8400151C4}"
EndProject
Project("{9A19103F-16F7-4668-BE54-9A1E7A4F7556}") = "Tyuiu.MyshakinD.Sprint6.Task2.V18.Lib", "Tyuiu.MyshakinD.Sprint6.Task2.V18.Lib\Tyuiu.MyshakinD.Sprint6.Task2.V18.Lib.csproj", "{201ED6F9-244B-493E-9817-EEA6F267838C}"
EndProject
Project("{9A19103F-16F7-4668-BE54-9A1E7A4F7556}") = "Tyuiu.MyshakinD.Sprint6.Task2.V18.Test", "Tyuiu.MyshakinD.Sprint6.Task2.V18.Test\Tyuiu.MyshakinD.Sprint6.Task2.V18.Test.csproj", "{0FF56C95-BD12-435A-A41A-4F484BC2B969}"
EndProject
Project("{9A19103F-16F7-4668-BE54-9A1E7A4F7556}") = "Tyuiu.MyshakinD.Sprint6.Task2.V18", "Tyuiu.MyshakinD.Sprint6.Task2.V18\Tyuiu.MyshakinD.Sprint6.Task2.V18.csproj", "{785A44CB-121C-42E7-B066-489D2FFED71E}"
EndProject
Project("{2150E333-8FDC-42A3-9474-1A3956D46DE8}") = "Task3", "Task3", "{790B504B-45D7-4DF6-BFD7-97A321A45FD5}"
EndProject
Project("{9A19103F-16F7-4668-BE54-9A1E7A4F7556}") = "Tyuiu.MyshakinD.Sprint6.Task3.V20", "Tyuiu.MyshakinD.Sprint6.Task3.V20\Tyuiu.MyshakinD.Sprint6.Task3.V20.csproj", "{24D11435-28E4-45A7-ACA5-57EC1649F62F}"
EndProject
Project("{9A19103F-16F7-4668-BE54-9A1E7A4F7556}") = "Tyuiu.MyshakinD.Sprint6.Task3.V20.Lib", "Tyuiu.MyshakinD.Sprint6.Task3.V20.Lib\Tyuiu.MyshakinD.Sprint6.Task3.V20.Lib.csproj", "{B78524EC-D51F-494C-B648-13529EDB8431}"
EndProject
Project("{9A19103F-16F7-4668-BE54-9A1E7A4F7556}") = "Tyuiu.MyshakinD.Sprint6.Task3.V20.Test", "Tyuiu.MyshakinD.Sprint6.Task3.V20.Test\Tyuiu.MyshakinD.Sprint6.Task3.V20.Test.csproj", "{4ED6FF41-8ACA-4E5B-B884-87B801AF1902}"
EndProject
Project("{2150E333-8FDC-42A3-9474-1A3956D46DE8}") = "Task4", "Task4", "{390D26DF-8AB4-4F61-8016-BFA054D02EB4}"
EndProject
Project("{9A19103F-16F7-4668-BE54-9A1E7A4F7556}") = "Tyuiu.MyshakinD.Sprint6.Task4.V9", "Tyuiu.MyshakinD.Sprint6.Task4.V9\Tyuiu.MyshakinD.Sprint6.Task4.V9.csproj", "{E3034B51-6A88-44B5-9EC2-A8ADD7F4977C}"
EndProject
Project("{9A19103F-16F7-4668-BE54-9A1E7A4F7556}") = "Tyuiu.MyshakinD.Sprint6.Task4.V9.Lib", "Tyuiu.MyshakinD.Sprint6.Task4.V9.Lib\Tyuiu.MyshakinD.Sprint6.Task4.V9.Lib.csproj", "{857C03A5-184A-4425-A0DC-B550661EA690}"
EndProject
Project("{9A19103F-16F7-4668-BE54-9A1E7A4F7556}") = "Tyuiu.MyshakinD.Sprint6.Task4.V9.Test", "Tyuiu.MyshakinD.Sprint6.Task4.V9.Test\Tyuiu.MyshakinD.Sprint6.Task4.V9.Test.csproj", "{20F2CE64-2D1C-4A70-96F2-B5CBBED8B23A}"
EndProject
Project("{2150E333-8FDC-42A3-9474-1A3956D46DE8}") = "Task5", "Task5", "{CA8F2227-E82C-4EA2-B52D-77F9FD1A682A}"
EndProject
Project("{9A19103F-16F7-4668-BE54-9A1E7A4F7556}") = "Tyuiu.MyshakinD.Sprint6.Task5.V22", "Tyuiu.MyshakinD.Sprint6.Task5.V22\Tyuiu.MyshakinD.Sprint6.Task5.V22.csproj", "{D38A103D-B03D-47B4-8B55-CB63E3EF258E}"
EndProject
Project("{9A19103F-16F7-4668-BE54-9A1E7A4F7556}") = "Tyuiu.MyshakinD.Sprint6.Task5.V22.Lib", "Tyuiu.MyshakinD.Sprint6.Task5.V22.Lib\Tyuiu.MyshakinD.Sprint6.Task5.V22.Lib.csproj", "{46EFD16D-ED6A-44FC-AC4F-7FCCA18D2916}"
EndProject
Project("{9A19103F-16F7-4668-BE54-9A1E7A4F7556}") = "Tyuiu.MyshakinD.Sprint6.Task5.V22.Test", "Tyuiu.MyshakinD.Sprint6.Task5.V22.Test\Tyuiu.MyshakinD.Sprint6.Task5.V22.Test.csproj", "{9284C8F5-55CC-4A6F-A18E-D6FD3BE941D5}"
EndProject
Project("{2150E333-8FDC-42A3-9474-1A3956D46DE8}") = "Task6", "Task6", "{152847C6-9F0B-4377-ABAB-338132CFEECC}"
EndProject
Project("{FAE04EC0-301F-11D3-BF4B-00C04F79EFBC}") = "Tyuiu.MyshakinD.Sprint6.Task6.V5", "Tyuiu.MyshakinD.Sprint6.Task6.V5\Tyuiu.MyshakinD.Sprint6.Task6.V5.csproj", "{441F1D61-B4C1-4DC2-B977-26F3C7418FA1}"
EndProject
Project("{FAE04EC0-301F-11D3-BF4B-00C04F79EFBC}") = "Tyuiu.MyshakinD.Sprint6.Task6.V5.Lib", "Tyuiu.MyshakinD.Sprint6.Task6.V5.Lib\Tyuiu.MyshakinD.Sprint6.Task6.V5.Lib.csproj", "{50D0A541-6B71-4041-ABAB-87E6B4ECB53F}"
EndProject
Project("{FAE04EC0-301F-11D3-BF4B-00C04F79EFBC}") = "Tyuiu.MyshakinD.Sprint6.Task6.V5.Test", "Tyuiu.MyshakinD.Sprint6.Task6.V5.Test\Tyuiu.MyshakinD.Sprint6.Task6.V5.Test.csproj", "{3D8F376A-CD02-4F9F-B7D6-CBB1810A4BEA}"
EndProject
Global
	GlobalSection(SolutionConfigurationPlatforms) = preSolution
		Debug|Any CPU = Debug|Any CPU
		Release|Any CPU = Release|Any CPU
	EndGlobalSection
	GlobalSection(ProjectConfigurationPlatforms) = postSolution
		{D83D2462-3B5F-4747-9973-9881590B6B64}.Debug|Any CPU.ActiveCfg = Debug|Any CPU
		{D83D2462-3B5F-4747-9973-9881590B6B64}.Debug|Any CPU.Build.0 = Debug|Any CPU
		{D83D2462-3B5F-4747-9973-9881590B6B64}.Release|Any CPU.ActiveCfg = Release|Any CPU
		{D83D2462-3B5F-4747-9973-9881590B6B64}.Release|Any CPU.Build.0 = Release|Any CPU
		{2A32036E-08B3-4A44-B290-8572DC538359}.Debug|Any CPU.ActiveCfg = Debug|Any CPU
		{2A32036E-08B3-4A44-B290-8572DC538359}.Debug|Any CPU.Build.0 = Debug|Any CPU
		{2A32036E-08B3-4A44-B290-8572DC538359}.Release|Any CPU.ActiveCfg = Release|Any CPU
		{2A32036E-08B3-4A44-B290-8572DC538359}.Release|Any CPU.Build.0 = Release|Any CPU
		{81C05246-28F6-4C2A-955F-B348FF9DF02C}.Debug|Any CPU.ActiveCfg = Debug|Any CPU
		{81C05246-28F6-4C2A-955F-B348FF9DF02C}.Debug|Any CPU.Build.0 = Debug|Any CPU
		{81C05246-28F6-4C2A-955F-B348FF9DF02C}.Release|Any CPU.ActiveCfg = Release|Any CPU
		{81C05246-28F6-4C2A-955F-B348FF9DF02C}.Release|Any CPU.Build.0 = Release|Any CPU
		{ED9FD362-FB06-4657-BE51-083A013E6B4C}.Debug|Any CPU.ActiveCfg = Debug|Any CPU
		{ED9FD362-FB06-4657-BE51-083A013E6B4C}.Debug|Any CPU.Build.0 = Debug|Any CPU
		{ED9FD362-FB06-4657-BE51-083A013E6B4C}.Release|Any CPU.ActiveCfg = Release|Any CPU
		{ED9FD362-FB06-4657-BE51-083A013E6B4C}.Release|Any CPU.Build.0 = Release|Any CPU
		{E3F3D70C-E2ED-482F-9205-5C1AA31B44F9}.Debug|Any CPU.ActiveCfg = Debug|Any CPU
		{E3F3D70C-E2ED-482F-9205-5C1AA31B44F9}.Debug|Any CPU.Build.0 = Debug|Any CPU
		{E3F3D70C-E2ED-482F-9205-5C1AA31B44F9}.Release|Any CPU.ActiveCfg = Release|Any CPU
		{E3F3D70C-E2ED-482F-9205-5C1AA31B44F9}.Release|Any CPU.Build.0 = Release|Any CPU
		{6515664C-5A05-427A-8763-AD56FC0A4CB4}.Debug|Any CPU.ActiveCfg = Debug|Any CPU
		{6515664C-5A05-427A-8763-AD56FC0A4CB4}.Debug|Any CPU.Build.0 = Debug|Any CPU
		{6515664C-5A05-427A-8763-AD56FC0A4CB4}.Release|Any CPU.ActiveCfg = Release|Any CPU
		{6515664C-5A05-427A-8763-AD56FC0A4CB4}.Release|Any CPU.Build.0 = Release|Any CPU
		{201ED6F9-244B-493E-9817-EEA6F267838C}.Debug|Any CPU.ActiveCfg = Debug|Any CPU
		{201ED6F9-244B-493E-9817-EEA6F267838C}.Debug|Any CPU.Build.0 = Debug|Any CPU
		{201ED6F9-244B-493E-9817-EEA6F267838C}.Release|Any CPU.ActiveCfg = Release|Any CPU
		{201ED6F9-244B-493E-9817-EEA6F267838C}.Release|Any CPU.Build.0 = Release|Any CPU
		{0FF56C95-BD12-435A-A41A-4F484BC2B969}.Debug|Any CPU.ActiveCfg = Debug|Any CPU
		{0FF56C95-BD12-435A-A41A-4F484BC2B969}.Debug|Any CPU.Build.0 = Debug|Any CPU
		{0FF56C95-BD12-435A-A41A-4F484BC2B969}.Release|Any CPU.ActiveCfg = Release|Any CPU
		{0FF56C95-BD12-435A-A41A-4F484BC2B969}.Release|Any CPU.Build.0 = Release|Any CPU
		{785A44CB-121C-42E7-B066-489D2FFED71E}.Debug|Any CPU.ActiveCfg = Debug|Any CPU
		{785A44CB-121C-42E7-B066-489D2FFED71E}.Debug|Any CPU.Build.0 = Debug|Any CPU
		{785A44CB-121C-42E7-B066-489D2FFED71E}.Release|Any CPU.ActiveCfg = Release|Any CPU
		{785A44CB-121C-42E7-B066-489D2FFED71E}.Release|Any CPU.Build.0 = Release|Any CPU
		{24D11435-28E4-45A7-ACA5-57EC1649F62F}.Debug|Any CPU.ActiveCfg = Debug|Any CPU
		{24D11435-28E4-45A7-ACA5-57EC1649F62F}.Debug|Any CPU.Build.0 = Debug|Any CPU
		{24D11435-28E4-45A7-ACA5-57EC1649F62F}.Release|Any CPU.ActiveCfg = Release|Any CPU
		{24D11435-28E4-45A7-ACA5-57EC1649F62F}.Release|Any CPU.Build.0 = Release|Any CPU
		{B78524EC-D51F-494C-B648-13529EDB8431}.Debug|Any CPU.ActiveCfg = Debug|Any CPU
		{B78524EC-D51F-494C-B648-13529EDB8431}.Debug|Any CPU.Build.0 = Debug|Any CPU
		{B78524EC-D51F-494C-B648-13529EDB8431}.Release|Any CPU.ActiveCfg = Release|Any CPU
		{B78524EC-D51F-494C-B648-13529EDB8431}.Release|Any CPU.Build.0 = Release|Any CPU
		{4ED6FF41-8ACA-4E5B-B884-87B801AF1902}.Debug|Any CPU.ActiveCfg = Debug|Any CPU
		{4ED6FF41-8ACA-4E5B-B884-87B801AF1902}.Debug|Any CPU.Build.0 = Debug|Any CPU
		{4ED6FF41-8ACA-4E5B-B884-87B801AF1902}.Release|Any CPU.ActiveCfg = Release|Any CPU
		{4ED6FF41-8ACA-4E5B-B884-87B801AF1902}.Release|Any CPU.Build.0 = Release|Any CPU
		{E3034B51-6A88-44B5-9EC2-A8ADD7F4977C}.Debug|Any CPU.ActiveCfg = Debug|Any CPU
		{E3034B51-6A88-44B5-9EC2-A8ADD7F4977C}.Debug|Any CPU.Build.0 = Debug|Any CPU
		{E3034B51-6A88-44B5-9EC2-A8ADD7F4977C}.Release|Any CPU.ActiveCfg = Release|Any CPU
		{E3034B51-6A88-44B5-9EC2-A8ADD7F4977C}.Release|Any CPU.Build.0 = Release|Any CPU
		{857C03A5-184A-4425-A0DC-B550661EA690}.Debug|Any CPU.ActiveCfg = Debug|Any CPU
		{857C03A5-184A-4425-A0DC-B550661EA690}.Debug|Any CPU.Build.0 = Debug|Any CPU
		{857C03A5-184A-4425-A0DC-B550661EA690}.Release|Any CPU.ActiveCfg = Release|Any CPU
		{857C03A5-184A-4425-A0DC-B550661EA690}.Release|Any CPU.Build.0 = Release|Any CPU
		{20F2CE64-2D1C-4A70-96F2-B5CBBED8B23A}.Debug|Any CPU.ActiveCfg = Debug|Any CPU
		{20F2CE64-2D1C-4A70-96F2-B5CBBED8B23A}.Debug|Any CPU.Build.0 = Debug|Any CPU
		{20F2CE64-2D1C-4A70-96F2-B5CBBED8B23A}.Release|Any CPU.ActiveCfg = Release|Any CPU
		{20F2CE64-2D1C-4A70-96F2-B5CBBED8B23A}.Release|Any CPU.Build.0 = Release|Any CPU
		{D38A103D-B03D-47B4-8B55-CB63E3EF258E}.Debug|Any CPU.ActiveCfg = Debug|Any CPU
		{D38A103D-B03D-47B4-8B55-CB63E3EF258E}.Debug|Any CPU.Build.0 = Debug|Any CPU
		{D38A103D-B03D-47B4-8B55-CB63E3EF258E}.Release|Any CPU.ActiveCfg = Release|Any CPU
		{D38A103D-B03D-47B4-8B55-CB63E3EF258E}.Release|Any CPU.Build.0 = Release|Any CPU
		{46EFD16D-ED6A-44FC-AC4F-7FCCA18D2916}.Debug|Any CPU.ActiveCfg = Debug|Any CPU
		{46EFD16D-ED6A-44FC-AC4F-7FCCA18D2916}.Debug|Any CPU.Build.0 = Debug|Any CPU
		{46EFD16D-ED6A-44FC-AC4F-7FCCA18D2916}.Release|Any CPU.ActiveCfg = Release|Any CPU
		{46EFD16D-ED6A-44FC-AC4F-7FCCA18D2916}.Release|Any CPU.Build.0 = Release|Any CPU
		{9284C8F5-55CC-4A6F-A18E-D6FD3BE941D5}.Debug|Any CPU.ActiveCfg = Debug|Any CPU
		{9284C8F5-55CC-4A6F-A18E-D6FD3BE941D5}.Debug|Any CPU.Build.0 = Debug|Any CPU
		{9284C8F5-55CC-4A6F-A18E-D6FD3BE941D5}.Release|Any CPU.ActiveCfg = Release|Any CPU
		{9284C8F5-55CC-4A6F-A18E-D6FD3BE941D5}.Release|Any CPU.Build.0 = Release|Any CPU
		{441F1D61-B4C1-4DC2-B977-26F3C7418FA1}.Debug|Any CPU.ActiveCfg = Debug|Any CPU
		{441F1D61-B4C1-4DC2-B977-26F3C7418FA1}.Debug|Any CPU.Build.0 = Debug|Any CPU
		{441F1D61-B4C1-4DC2-B977-26F3C7418FA1}.Release|Any CPU.ActiveCfg = Release|Any CPU
		{441F1D61-B4C1-4DC2-B977-26F3C7418FA1}.Release|Any CPU.Build.0 = Release|Any CPU
		{50D0A541-6B71-4041-ABAB-87E6B4ECB53F}.Debug|Any CPU.ActiveCfg = Debug|Any CPU
		{50D0A541-6B71-4041-ABAB-87E6B4ECB53F}.Debug|Any CPU.Build.0 = Debug|Any CPU
		{50D0A541-6B71-4041-ABAB-87E6B4ECB53F}.Release|Any CPU.ActiveCfg = Release|Any CPU
		{50D0A541-6B71-4041-ABAB-87E6B4ECB53F}.Release|Any CPU.Build.0 = Release|Any CPU
		{3D8F376A-CD02-4F9F-B7D6-CBB1810A4BEA}.Debug|Any CPU.ActiveCfg = Debug|Any CPU
		{3D8F376A-CD02-4F9F-B7D6-CBB1810A4BEA}.Debug|Any CPU.Build.0 = Debug|Any CPU
		{3D8F376A-CD02-4F9F-B7D6-CBB1810A4BEA}.Release|Any CPU.ActiveCfg = Release|Any CPU
		{3D8F376A-CD02-4F9F-B7D6-CBB1810A4BEA}.Release|Any CPU.Build.0 = Release|Any CPU
	EndGlobalSection
	GlobalSection(SolutionProperties) = preSolution
		HideSolutionNode = FALSE
	EndGlobalSection
	GlobalSection(NestedProjects) = preSolution
		{D83D2462-3B5F-4747-9973-9881590B6B64} = {F9543A55-84E6-4C7A-A5BD-380D76F6E102}
		{2A32036E-08B3-4A44-B290-8572DC538359} = {F9543A55-84E6-4C7A-A5BD-380D76F6E102}
		{81C05246-28F6-4C2A-955F-B348FF9DF02C} = {F9543A55-84E6-4C7A-A5BD-380D76F6E102}
		{ED9FD362-FB06-4657-BE51-083A013E6B4C} = {D8202B98-2D13-4110-B547-C07A7A79371E}
		{E3F3D70C-E2ED-482F-9205-5C1AA31B44F9} = {D8202B98-2D13-4110-B547-C07A7A79371E}
		{6515664C-5A05-427A-8763-AD56FC0A4CB4} = {D8202B98-2D13-4110-B547-C07A7A79371E}
		{201ED6F9-244B-493E-9817-EEA6F267838C} = {EEE4096F-F951-4495-BE31-45D8400151C4}
		{0FF56C95-BD12-435A-A41A-4F484BC2B969} = {EEE4096F-F951-4495-BE31-45D8400151C4}
		{785A44CB-121C-42E7-B066-489D2FFED71E} = {EEE4096F-F951-4495-BE31-45D8400151C4}
		{24D11435-28E4-45A7-ACA5-57EC1649F62F} = {790B504B-45D7-4DF6-BFD7-97A321A45FD5}
		{B78524EC-D51F-494C-B648-13529EDB8431} = {790B504B-45D7-4DF6-BFD7-97A321A45FD5}
		{4ED6FF41-8ACA-4E5B-B884-87B801AF1902} = {790B504B-45D7-4DF6-BFD7-97A321A45FD5}
		{E3034B51-6A88-44B5-9EC2-A8ADD7F4977C} = {390D26DF-8AB4-4F61-8016-BFA054D02EB4}
		{857C03A5-184A-4425-A0DC-B550661EA690} = {390D26DF-8AB4-4F61-8016-BFA054D02EB4}
		{20F2CE64-2D1C-4A70-96F2-B5CBBED8B23A} = {390D26DF-8AB4-4F61-8016-BFA054D02EB4}
		{D38A103D-B03D-47B4-8B55-CB63E3EF258E} = {CA8F2227-E82C-4EA2-B52D-77F9FD1A682A}
		{46EFD16D-ED6A-44FC-AC4F-7FCCA18D2916} = {CA8F2227-E82C-4EA2-B52D-77F9FD1A682A}
		{9284C8F5-55CC-4A6F-A18E-D6FD3BE941D5} = {CA8F2227-E82C-4EA2-B52D-77F9FD1A682A}
		{441F1D61-B4C1-4DC2-B977-26F3C7418FA1} = {152847C6-9F0B-4377-ABAB-338132CFEECC}
		{50D0A541-6B71-4041-ABAB-87E6B4ECB53F} = {152847C6-9F0B-4377-ABAB-338132CFEECC}
		{3D8F376A-CD02-4F9F-B7D6-CBB1810A4BEA} = {152847C6-9F0B-4377-ABAB-338132CFEECC}
	EndGlobalSection
	GlobalSection(ExtensibilityGlobals) = postSolution
		SolutionGuid = {ABC29C59-BCE9-471A-9087-25021600AEA9}
	EndGlobalSection
EndGlobal
